{
  "object": {
    "pins": [
      {
        "package": "swift-argument-parser",
        "repositoryURL": "https://github.com/apple/swift-argument-parser.git",
        "state": {
          "branch": null,
          "revision": "6a52f3251125d74daf04fcbd5e6f08a75d074382",
          "version": "1.8.2"
        }
      },
      {
        "package": "cmark-gfm",
        "repositoryURL": "https://github.com/swiftlang/swift-cmark.git",
        "state": {
          "branch": "gfm",
          "revision": "0101bf2c6ff6a218f93150f340fe5ccf76d9f3aa",
          "version": null
        }
      },
      {
        "package": "swift-markdown",
        "repositoryURL": "https://github.com/swiftlang/swift-markdown.git",
        "state": {
          "branch": "main",
          "revision": "27b7fc1a19068bcea3d2072db0ce86360d1400ed",
          "version": null
        }
      },
      {
        "package": "SwiftImageReadWrite",
        "repositoryURL": "https://github.com/dagronf/SwiftImageReadWrite",
        "state": {
          "branch": null,
          "revision": "42ace2412279f18bc264bc306e96b51c36e12a33",
          "version": "1.9.2"
        }
      }
    ]
  },
  "version": 1
}
